// !$*UTF8*$!
{
	archiveVersion = 1;
	classes = {
	};
	objectVersion = 46;
	objects = {

/* Begin PBXBuildFile section */
		2C583195190E4002005F3BE5 /* Foundation.framework in Frameworks */ = {isa = PBXBuildFile; fileRef = 2C583194190E4002005F3BE5 /* Foundation.framework */; };
		2C583197190E4002005F3BE5 /* CoreGraphics.framework in Frameworks */ = {isa = PBXBuildFile; fileRef = 2C583196190E4002005F3BE5 /* CoreGraphics.framework */; };
		2C583199190E4002005F3BE5 /* UIKit.framework in Frameworks */ = {isa = PBXBuildFile; fileRef = 2C583198190E4002005F3BE5 /* UIKit.framework */; };
		2C58319F190E4002005F3BE5 /* InfoPlist.strings in Resources */ = {isa = PBXBuildFile; fileRef = 2C58319D190E4002005F3BE5 /* InfoPlist.strings */; };
		2C5831A1190E4002005F3BE5 /* main.m in Sources */ = {isa = PBXBuildFile; fileRef = 2C5831A0190E4002005F3BE5 /* main.m */; };
		2C5831A5190E4002005F3BE5 /* AppDelegate.m in Sources */ = {isa = PBXBuildFile; fileRef = 2C5831A4190E4002005F3BE5 /* AppDelegate.m */; };
		2C5831A8190E4002005F3BE5 /* Main_iPhone.storyboard in Resources */ = {isa = PBXBuildFile; fileRef = 2C5831A6190E4002005F3BE5 /* Main_iPhone.storyboard */; };
		2C5831AB190E4002005F3BE5 /* Main_iPad.storyboard in Resources */ = {isa = PBXBuildFile; fileRef = 2C5831A9190E4002005F3BE5 /* Main_iPad.storyboard */; };
		2C5831AE190E4002005F3BE5 /* ViewController.m in Sources */ = {isa = PBXBuildFile; fileRef = 2C5831AD190E4002005F3BE5 /* ViewController.m */; };
		2C5831B0190E4002005F3BE5 /* Images.xcassets in Resources */ = {isa = PBXBuildFile; fileRef = 2C5831AF190E4002005F3BE5 /* Images.xcassets */; };
		2C5831B7190E4002005F3BE5 /* XCTest.framework in Frameworks */ = {isa = PBXBuildFile; fileRef = 2C5831B6190E4002005F3BE5 /* XCTest.framework */; };
		2C5831B8190E4002005F3BE5 /* Foundation.framework in Frameworks */ = {isa = PBXBuildFile; fileRef = 2C583194190E4002005F3BE5 /* Foundation.framework */; };
		2C5831B9190E4002005F3BE5 /* UIKit.framework in Frameworks */ = {isa = PBXBuildFile; fileRef = 2C583198190E4002005F3BE5 /* UIKit.framework */; };
		2C5831C1190E4002005F3BE5 /* InfoPlist.strings in Resources */ = {isa = PBXBuildFile; fileRef = 2C5831BF190E4002005F3BE5 /* InfoPlist.strings */; };
		2C5831C3190E4002005F3BE5 /* CalendarTests.m in Sources */ = {isa = PBXBuildFile; fileRef = 2C5831C2190E4002005F3BE5 /* CalendarTests.m */; };
/* End PBXBuildFile section */

/* Begin PBXContainerItemProxy section */
		2C5831BA190E4002005F3BE5 /* PBXContainerItemProxy */ = {
			isa = PBXContainerItemProxy;
			containerPortal = 2C583189190E4002005F3BE5 /* Project object */;
			proxyType = 1;
			remoteGlobalIDString = 2C583190190E4002005F3BE5;
			remoteInfo = Calendar;
		};
/* End PBXContainerItemProxy section */

/* Begin PBXFileReference section */
		2C583191190E4002005F3BE5 /* Calendar.app */ = {isa = PBXFileReference; explicitFileType = wrapper.application; includeInIndex = 0; path = Calendar.app; sourceTree = BUILT_PRODUCTS_DIR; };
		2C583194190E4002005F3BE5 /* Foundation.framework */ = {isa = PBXFileReference; lastKnownFileType = wrapper.framework; name = Foundation.framework; path = System/Library/Frameworks/Foundation.framework; sourceTree = SDKROOT; };
		2C583196190E4002005F3BE5 /* CoreGraphics.framework */ = {isa = PBXFileReference; lastKnownFileType = wrapper.framework; name = CoreGraphics.framework; path = System/Library/Frameworks/CoreGraphics.framework; sourceTree = SDKROOT; };
		2C583198190E4002005F3BE5 /* UIKit.framework */ = {isa = PBXFileReference; lastKnownFileType = wrapper.framework; name = UIKit.framework; path = System/Library/Frameworks/UIKit.framework; sourceTree = SDKROOT; };
		2C58319C190E4002005F3BE5 /* Calendar-Info.plist */ = {isa = PBXFileReference; lastKnownFileType = text.plist.xml; path = "Calendar-Info.plist"; sourceTree = "<group>"; };
		2C58319E190E4002005F3BE5 /* en */ = {isa = PBXFileReference; lastKnownFileType = text.plist.strings; name = en; path = en.lproj/InfoPlist.strings; sourceTree = "<group>"; };
		2C5831A0190E4002005F3BE5 /* main.m */ = {isa = PBXFileReference; lastKnownFileType = sourcecode.c.objc; path = main.m; sourceTree = "<group>"; };
		2C5831A2190E4002005F3BE5 /* Calendar-Prefix.pch */ = {isa = PBXFileReference; lastKnownFileType = sourcecode.c.h; path = "Calendar-Prefix.pch"; sourceTree = "<group>"; };
		2C5831A3190E4002005F3BE5 /* AppDelegate.h */ = {isa = PBXFileReference; lastKnownFileType = sourcecode.c.h; path = AppDelegate.h; sourceTree = "<group>"; };
		2C5831A4190E4002005F3BE5 /* AppDelegate.m */ = {isa = PBXFileReference; lastKnownFileType = sourcecode.c.objc; path = AppDelegate.m; sourceTree = "<group>"; };
		2C5831A7190E4002005F3BE5 /* Base */ = {isa = PBXFileReference; lastKnownFileType = file.storyboard; name = Base; path = Base.lproj/Main_iPhone.storyboard; sourceTree = "<group>"; };
		2C5831AA190E4002005F3BE5 /* Base */ = {isa = PBXFileReference; lastKnownFileType = file.storyboard; name = Base; path = Base.lproj/Main_iPad.storyboard; sourceTree = "<group>"; };
		2C5831AC190E4002005F3BE5 /* ViewController.h */ = {isa = PBXFileReference; lastKnownFileType = sourcecode.c.h; path = ViewController.h; sourceTree = "<group>"; };
		2C5831AD190E4002005F3BE5 /* ViewController.m */ = {isa = PBXFileReference; lastKnownFileType = sourcecode.c.objc; path = ViewController.m; sourceTree = "<group>"; };
		2C5831AF190E4002005F3BE5 /* Images.xcassets */ = {isa = PBXFileReference; lastKnownFileType = folder.assetcatalog; path = Images.xcassets; sourceTree = "<group>"; };
		2C5831B5190E4002005F3BE5 /* CalendarTests.xctest */ = {isa = PBXFileReference; explicitFileType = wrapper.cfbundle; includeInIndex = 0; path = CalendarTests.xctest; sourceTree = BUILT_PRODUCTS_DIR; };
		2C5831B6190E4002005F3BE5 /* XCTest.framework */ = {isa = PBXFileReference; lastKnownFileType = wrapper.framework; name = XCTest.framework; path = Library/Frameworks/XCTest.framework; sourceTree = DEVELOPER_DIR; };
		2C5831BE190E4002005F3BE5 /* CalendarTests-Info.plist */ = {isa = PBXFileReference; lastKnownFileType = text.plist.xml; path = "CalendarTests-Info.plist"; sourceTree = "<group>"; };
		2C5831C0190E4002005F3BE5 /* en */ = {isa = PBXFileReference; lastKnownFileType = text.plist.strings; name = en; path = en.lproj/InfoPlist.strings; sourceTree = "<group>"; };
		2C5831C2190E4002005F3BE5 /* CalendarTests.m */ = {isa = PBXFileReference; lastKnownFileType = sourcecode.c.objc; path = CalendarTests.m; sourceTree = "<group>"; };
/* End PBXFileReference section */

/* Begin PBXFrameworksBuildPhase section */
		2C58318E190E4002005F3BE5 /* Frameworks */ = {
			isa = PBXFrameworksBuildPhase;
			buildActionMask = 2147483647;
			files = (
				2C583197190E4002005F3BE5 /* CoreGraphics.framework in Frameworks */,
				2C583199190E4002005F3BE5 /* UIKit.framework in Frameworks */,
				2C583195190E4002005F3BE5 /* Foundation.framework in Frameworks */,
			);
			runOnlyForDeploymentPostprocessing = 0;
		};
		2C5831B2190E4002005F3BE5 /* Frameworks */ = {
			isa = PBXFrameworksBuildPhase;
			buildActionMask = 2147483647;
			files = (
				2C5831B7190E4002005F3BE5 /* XCTest.framework in Frameworks */,
				2C5831B9190E4002005F3BE5 /* UIKit.framework in Frameworks */,
				2C5831B8190E4002005F3BE5 /* Foundation.framework in Frameworks */,
			);
			runOnlyForDeploymentPostprocessing = 0;
		};
/* End PBXFrameworksBuildPhase section */

/* Begin PBXGroup section */
		2C583188190E4002005F3BE5 = {
			isa = PBXGroup;
			children = (
				2C58319A190E4002005F3BE5 /* Calendar */,
				2C5831BC190E4002005F3BE5 /* CalendarTests */,
				2C583193190E4002005F3BE5 /* Frameworks */,
				2C583192190E4002005F3BE5 /* Products */,
			);
			sourceTree = "<group>";
		};
		2C583192190E4002005F3BE5 /* Products */ = {
			isa = PBXGroup;
			children = (
				2C583191190E4002005F3BE5 /* Calendar.app */,
				2C5831B5190E4002005F3BE5 /* CalendarTests.xctest */,
			);
			name = Products;
			sourceTree = "<group>";
		};
		2C583193190E4002005F3BE5 /* Frameworks */ = {
			isa = PBXGroup;
			children = (
				2C583194190E4002005F3BE5 /* Foundation.framework */,
				2C583196190E4002005F3BE5 /* CoreGraphics.framework */,
				2C583198190E4002005F3BE5 /* UIKit.framework */,
				2C5831B6190E4002005F3BE5 /* XCTest.framework */,
			);
			name = Frameworks;
			sourceTree = "<group>";
		};
		2C58319A190E4002005F3BE5 /* Calendar */ = {
			isa = PBXGroup;
			children = (
				2C5831A3190E4002005F3BE5 /* AppDelegate.h */,
				2C5831A4190E4002005F3BE5 /* AppDelegate.m */,
				2C5831A6190E4002005F3BE5 /* Main_iPhone.storyboard */,
				2C5831A9190E4002005F3BE5 /* Main_iPad.storyboard */,
				2C5831AC190E4002005F3BE5 /* ViewController.h */,
				2C5831AD190E4002005F3BE5 /* ViewController.m */,
				2C5831AF190E4002005F3BE5 /* Images.xcassets */,
				2C58319B190E4002005F3BE5 /* Supporting Files */,
			);
			path = Calendar;
			sourceTree = "<group>";
		};
		2C58319B190E4002005F3BE5 /* Supporting Files */ = {
			isa = PBXGroup;
			children = (
				2C58319C190E4002005F3BE5 /* Calendar-Info.plist */,
				2C58319D190E4002005F3BE5 /* InfoPlist.strings */,
				2C5831A0190E4002005F3BE5 /* main.m */,
				2C5831A2190E4002005F3BE5 /* Calendar-Prefix.pch */,
			);
			name = "Supporting Files";
			sourceTree = "<group>";
		};
		2C5831BC190E4002005F3BE5 /* CalendarTests */ = {
			isa = PBXGroup;
			children = (
				2C5831C2190E4002005F3BE5 /* CalendarTests.m */,
				2C5831BD190E4002005F3BE5 /* Supporting Files */,
			);
			path = CalendarTests;
			sourceTree = "<group>";
		};
		2C5831BD190E4002005F3BE5 /* Supporting Files */ = {
			isa = PBXGroup;
			children = (
				2C5831BE190E4002005F3BE5 /* CalendarTests-Info.plist */,
				2C5831BF190E4002005F3BE5 /* InfoPlist.strings */,
			);
			name = "Supporting Files";
			sourceTree = "<group>";
		};
/* End PBXGroup section */

/* Begin PBXNativeTarget section */
		2C583190190E4002005F3BE5 /* Calendar */ = {
			isa = PBXNativeTarget;
			buildConfigurationList = 2C5831C6190E4002005F3BE5 /* Build configuration list for PBXNativeTarget "Calendar" */;
			buildPhases = (
				2C58318D190E4002005F3BE5 /* Sources */,
				2C58318E190E4002005F3BE5 /* Frameworks */,
				2C58318F190E4002005F3BE5 /* Resources */,
			);
			buildRules = (
			);
			dependencies = (
			);
			name = Calendar;
			productName = Calendar;
			productReference = 2C583191190E4002005F3BE5 /* Calendar.app */;
			productType = "com.apple.product-type.application";
		};
		2C5831B4190E4002005F3BE5 /* CalendarTests */ = {
			isa = PBXNativeTarget;
			buildConfigurationList = 2C5831C9190E4002005F3BE5 /* Build configuration list for PBXNativeTarget "CalendarTests" */;
			buildPhases = (
				2C5831B1190E4002005F3BE5 /* Sources */,
				2C5831B2190E4002005F3BE5 /* Frameworks */,
				2C5831B3190E4002005F3BE5 /* Resources */,
			);
			buildRules = (
			);
			dependencies = (
				2C5831BB190E4002005F3BE5 /* PBXTargetDependency */,
			);
			name = CalendarTests;
			productName = CalendarTests;
			productReference = 2C5831B5190E4002005F3BE5 /* CalendarTests.xctest */;
			productType = "com.apple.product-type.bundle.unit-test";
		};
/* End PBXNativeTarget section */

/* Begin PBXProject section */
		2C583189190E4002005F3BE5 /* Project object */ = {
			isa = PBXProject;
			attributes = {
				LastUpgradeCheck = 0510;
				ORGANIZATIONNAME = sylar;
				TargetAttributes = {
					2C5831B4190E4002005F3BE5 = {
						TestTargetID = 2C583190190E4002005F3BE5;
					};
				};
			};
			buildConfigurationList = 2C58318C190E4002005F3BE5 /* Build configuration list for PBXProject "Calendar" */;
			compatibilityVersion = "Xcode 3.2";
			developmentRegion = English;
			hasScannedForEncodings = 0;
			knownRegions = (
				en,
				Base,
			);
			mainGroup = 2C583188190E4002005F3BE5;
			productRefGroup = 2C583192190E4002005F3BE5 /* Products */;
			projectDirPath = "";
			projectRoot = "";
			targets = (
				2C583190190E4002005F3BE5 /* Calendar */,
				2C5831B4190E4002005F3BE5 /* CalendarTests */,
			);
		};
/* End PBXProject section */

/* Begin PBXResourcesBuildPhase section */
		2C58318F190E4002005F3BE5 /* Resources */ = {
			isa = PBXResourcesBuildPhase;
			buildActionMask = 2147483647;
			files = (
				2C5831AB190E4002005F3BE5 /* Main_iPad.storyboard in Resources */,
				2C5831B0190E4002005F3BE5 /* Images.xcassets in Resources */,
				2C5831A8190E4002005F3BE5 /* Main_iPhone.storyboard in Resources */,
				2C58319F190E4002005F3BE5 /* InfoPlist.strings in Resources */,
			);
			runOnlyForDeploymentPostprocessing = 0;
		};
		2C5831B3190E4002005F3BE5 /* Resources */ = {
			isa = PBXResourcesBuildPhase;
			buildActionMask = 2147483647;
			files = (
				2C5831C1190E4002005F3BE5 /* InfoPlist.strings in Resources */,
			);
			runOnlyForDeploymentPostprocessing = 0;
		};
/* End PBXResourcesBuildPhase section */

/* Begin PBXSourcesBuildPhase section */
		2C58318D190E4002005F3BE5 /* Sources */ = {
			isa = PBXSourcesBuildPhase;
			buildActionMask = 2147483647;
			files = (
				2C5831AE190E4002005F3BE5 /* ViewController.m in Sources */,
				2C5831A5190E4002005F3BE5 /* AppDelegate.m in Sources */,
				2C5831A1190E4002005F3BE5 /* main.m in Sources */,
			);
			runOnlyForDeploymentPostprocessing = 0;
		};
		2C5831B1190E4002005F3BE5 /* Sources */ = {
			isa = PBXSourcesBuildPhase;
			buildActionMask = 2147483647;
			files = (
				2C5831C3190E4002005F3BE5 /* CalendarTests.m in Sources */,
			);
			runOnlyForDeploymentPostprocessing = 0;
		};
/* End PBXSourcesBuildPhase section */

/* Begin PBXTargetDependency section */
		2C5831BB190E4002005F3BE5 /* PBXTargetDependency */ = {
			isa = PBXTargetDependency;
			target = 2C583190190E4002005F3BE5 /* Calendar */;
			targetProxy = 2C5831BA190E4002005F3BE5 /* PBXContainerItemProxy */;
		};
/* End PBXTargetDependency section */

/* Begin PBXVariantGroup section */
		2C58319D190E4002005F3BE5 /* InfoPlist.strings */ = {
			isa = PBXVariantGroup;
			children = (
				2C58319E190E4002005F3BE5 /* en */,
			);
			name = InfoPlist.strings;
			sourceTree = "<group>";
		};
		2C5831A6190E4002005F3BE5 /* Main_iPhone.storyboard */ = {
			isa = PBXVariantGroup;
			children = (
				2C5831A7190E4002005F3BE5 /* Base */,
			);
			name = Main_iPhone.storyboard;
			sourceTree = "<group>";
		};
		2C5831A9190E4002005F3BE5 /* Main_iPad.storyboard */ = {
			isa = PBXVariantGroup;
			children = (
				2C5831AA190E4002005F3BE5 /* Base */,
			);
			name = Main_iPad.storyboard;
			sourceTree = "<group>";
		};
		2C5831BF190E4002005F3BE5 /* InfoPlist.strings */ = {
			isa = PBXVariantGroup;
			children = (
				2C5831C0190E4002005F3BE5 /* en */,
			);
			name = InfoPlist.strings;
			sourceTree = "<group>";
		};
/* End PBXVariantGroup section */

/* Begin XCBuildConfiguration section */
		2C5831C4190E4002005F3BE5 /* Debug */ = {
			isa = XCBuildConfiguration;
			buildSettings = {
				ALWAYS_SEARCH_USER_PATHS = NO;
				CLANG_CXX_LANGUAGE_STANDARD = "gnu++0x";
				CLANG_CXX_LIBRARY = "libc++";
				CLANG_ENABLE_MODULES = YES;
				CLANG_ENABLE_OBJC_ARC = YES;
				CLANG_WARN_BOOL_CONVERSION = YES;
				CLANG_WARN_CONSTANT_CONVERSION = YES;
				CLANG_WARN_DIRECT_OBJC_ISA_USAGE = YES_ERROR;
				CLANG_WARN_EMPTY_BODY = YES;
				CLANG_WARN_ENUM_CONVERSION = YES;
				CLANG_WARN_INT_CONVERSION = YES;
				CLANG_WARN_OBJC_ROOT_CLASS = YES_ERROR;
				CLANG_WARN__DUPLICATE_METHOD_MATCH = YES;
				"CODE_SIGN_IDENTITY[sdk=iphoneos*]" = "iPhone Developer";
				COPY_PHASE_STRIP = NO;
				GCC_C_LANGUAGE_STANDARD = gnu99;
				GCC_DYNAMIC_NO_PIC = NO;
				GCC_OPTIMIZATION_LEVEL = 0;
				GCC_PREPROCESSOR_DEFINITIONS = (
					"DEBUG=1",
					"$(inherited)",
				);
				GCC_SYMBOLS_PRIVATE_EXTERN = NO;
				GCC_WARN_64_TO_32_BIT_CONVERSION = YES;
				GCC_WARN_ABOUT_RETURN_TYPE = YES_ERROR;
				GCC_WARN_UNDECLARED_SELECTOR = YES;
				GCC_WARN_UNINITIALIZED_AUTOS = YES_AGGRESSIVE;
				GCC_WARN_UNUSED_FUNCTION = YES;
				GCC_WARN_UNUSED_VARIABLE = YES;
				IPHONEOS_DEPLOYMENT_TARGET = 7.1;
				ONLY_ACTIVE_ARCH = YES;
				SDKROOT = iphoneos;
				TARGETED_DEVICE_FAMILY = "1,2";
			};
			name = Debug;
		};
		2C5831C5190E4002005F3BE5 /* Release */ = {
			isa = XCBuildConfiguration;
			buildSettings = {
				ALWAYS_SEARCH_USER_PATHS = NO;
				CLANG_CXX_LANGUAGE_STANDARD = "gnu++0x";
				CLANG_CXX_LIBRARY = "libc++";
				CLANG_ENABLE_MODULES = YES;
				CLANG_ENABLE_OBJC_ARC = YES;
				CLANG_WARN_BOOL_CONVERSION = YES;
				CLANG_WARN_CONSTANT_CONVERSION = YES;
				CLANG_WARN_DIRECT_OBJC_ISA_USAGE = YES_ERROR;
				CLANG_WARN_EMPTY_BODY = YES;
				CLANG_WARN_ENUM_CONVERSION = YES;
				CLANG_WARN_INT_CONVERSION = YES;
				CLANG_WARN_OBJC_ROOT_CLASS = YES_ERROR;
				CLANG_WARN__DUPLICATE_METHOD_MATCH = YES;
				"CODE_SIGN_IDENTITY[sdk=iphoneos*]" = "iPhone Developer";
				COPY_PHASE_STRIP = YES;
				ENABLE_NS_ASSERTIONS = NO;
				GCC_C_LANGUAGE_STANDARD = gnu99;
				GCC_WARN_64_TO_32_BIT_CONVERSION = YES;
				GCC_WARN_ABOUT_RETURN_TYPE = YES_ERROR;
				GCC_WARN_UNDECLARED_SELECTOR = YES;
				GCC_WARN_UNINITIALIZED_AUTOS = YES_AGGRESSIVE;
				GCC_WARN_UNUSED_FUNCTION = YES;
				GCC_WARN_UNUSED_VARIABLE = YES;
				IPHONEOS_DEPLOYMENT_TARGET = 7.1;
				SDKROOT = iphoneos;
				TARGETED_DEVICE_FAMILY = "1,2";
				VALIDATE_PRODUCT = YES;
			};
			name = Release;
		};
		2C5831C7190E4002005F3BE5 /* Debug */ = {
			isa = XCBuildConfiguration;
			buildSettings = {
				ASSETCATALOG_COMPILER_APPICON_NAME = AppIcon;
				ASSETCATALOG_COMPILER_LAUNCHIMAGE_NAME = LaunchImage;
				GCC_PRECOMPILE_PREFIX_HEADER = YES;
				GCC_PREFIX_HEADER = "Calendar/Calendar-Prefix.pch";
				INFOPLIST_FILE = "Calendar/Calendar-Info.plist";
				PRODUCT_NAME = "$(TARGET_NAME)";
				WRAPPER_EXTENSION = app;
			};
			name = Debug;
		};
		2C5831C8190E4002005F3BE5 /* Release */ = {
			isa = XCBuildConfiguration;
			buildSettings = {
				ASSETCATALOG_COMPILER_APPICON_NAME = AppIcon;
				ASSETCATALOG_COMPILER_LAUNCHIMAGE_NAME = LaunchImage;
				GCC_PRECOMPILE_PREFIX_HEADER = YES;
				GCC_PREFIX_HEADER = "Calendar/Calendar-Prefix.pch";
				INFOPLIST_FILE = "Calendar/Calendar-Info.plist";
				PRODUCT_NAME = "$(TARGET_NAME)";
				WRAPPER_EXTENSION = app;
			};
			name = Release;
		};
		2C5831CA190E4002005F3BE5 /* Debug */ = {
			isa = XCBuildConfiguration;
			buildSettings = {
				BUNDLE_LOADER = "$(BUILT_PRODUCTS_DIR)/Calendar.app/Calendar";
				FRAMEWORK_SEARCH_PATHS = (
					"$(SDKROOT)/Developer/Library/Frameworks",
					"$(inherited)",
					"$(DEVELOPER_FRAMEWORKS_DIR)",
				);
				GCC_PRECOMPILE_PREFIX_HEADER = YES;
				GCC_PREFIX_HEADER = "Calendar/Calendar-Prefix.pch";
				GCC_PREPROCESSOR_DEFINITIONS = (
					"DEBUG=1",
					"$(inherited)",
				);
				INFOPLIST_FILE = "CalendarTests/CalendarTests-Info.plist";
				PRODUCT_NAME = "$(TARGET_NAME)";
				TEST_HOST = "$(BUNDLE_LOADER)";
				WRAPPER_EXTENSION = xctest;
			};
			name = Debug;
		};
		2C5831CB190E4002005F3BE5 /* Release */ = {
			isa = XCBuildConfiguration;
			buildSettings = {
				BUNDLE_LOADER = "$(BUILT_PRODUCTS_DIR)/Calendar.app/Calendar";
				FRAMEWORK_SEARCH_PATHS = (
					"$(SDKROOT)/Developer/Library/Frameworks",
					"$(inherited)",
					"$(DEVELOPER_FRAMEWORKS_DIR)",
				);
				GCC_PRECOMPILE_PREFIX_HEADER = YES;
				GCC_PREFIX_HEADER = "Calendar/Calendar-Prefix.pch";
				INFOPLIST_FILE = "CalendarTests/CalendarTests-Info.plist";
				PRODUCT_NAME = "$(TARGET_NAME)";
				TEST_HOST = "$(BUNDLE_LOADER)";
				WRAPPER_EXTENSION = xctest;
			};
			name = Release;
		};
/* End XCBuildConfiguration section */

/* Begin XCConfigurationList section */
		2C58318C190E4002005F3BE5 /* Build configuration list for PBXProject "Calendar" */ = {
			isa = XCConfigurationList;
			buildConfigurations = (
				2C5831C4190E4002005F3BE5 /* Debug */,
				2C5831C5190E4002005F3BE5 /* Release */,
			);
			defaultConfigurationIsVisible = 0;
			defaultConfigurationName = Release;
		};
		2C5831C6190E4002005F3BE5 /* Build configuration list for PBXNativeTarget "Calendar" */ = {
			isa = XCConfigurationList;
			buildConfigurations = (
				2C5831C7190E4002005F3BE5 /* Debug */,
				2C5831C8190E4002005F3BE5 /* Release */,
			);
			defaultConfigurationIsVisible = 0;
		};
		2C5831C9190E4002005F3BE5 /* Build configuration list for PBXNativeTarget "CalendarTests" */ = {
			isa = XCConfigurationList;
			buildConfigurations = (
				2C5831CA190E4002005F3BE5 /* Debug */,
				2C5831CB190E4002005F3BE5 /* Release */,
			);
			defaultConfigurationIsVisible = 0;
		};
/* End XCConfigurationList section */
	};
	rootObject = 2C583189190E4002005F3BE5 /* Project object */;
}
